
Microsoft Visual Studio Solution File, Format Version 12.00
# Visual Studio Version 16
VisualStudioVersion = 25.0.1705.6
MinimumVisualStudioVersion = 10.0.40219.1
Project("{FAE04EC0-301F-11D3-BF4B-00C04F79EFBC}") = "WEB-01", "WEB-01\WEB-01.csproj", "{797B0664-BC01-4E3F-8A87-BF6CA059645B}"
EndProject
Global
	GlobalSection(SolutionConfigurationPlatforms) = preSolution
		Debug|Any CPU = Debug|Any CPU
		Release|Any CPU = Release|Any CPU
	EndGlobalSection
	GlobalSection(ProjectConfigurationPlatforms) = postSolution
		{797B0664-BC01-4E3F-8A87-BF6CA059645B}.Debug|Any CPU.ActiveCfg = Debug|Any CPU
		{797B0664-BC01-4E3F-8A87-BF6CA059645B}.Debug|Any CPU.Build.0 = Debug|Any CPU
		{797B0664-BC01-4E3F-8A87-BF6CA059645B}.Release|Any CPU.ActiveCfg = Release|Any CPU
		{797B0664-BC01-4E3F-8A87-BF6CA059645B}.Release|Any CPU.Build.0 = Release|Any CPU
	EndGlobalSection
	GlobalSection(SolutionProperties) = preSolution
		HideSolutionNode = FALSE
	EndGlobalSection
	GlobalSection(ExtensibilityGlobals) = postSolution
		SolutionGuid = {77302F8C-FCA6-47A1-A6D9-BA85BB4C1D0E}
	EndGlobalSection
EndGlobal
